
Microsoft Visual Studio Solution File, Format Version 12.00
# Visual Studio Version 16
VisualStudioVersion = 16.0.28714.193
MinimumVisualStudioVersion = 10.0.40219.1
Project("{9A19103F-16F7-4668-BE54-9A1E7A4F7556}") = "MST.API", "MST.API\MST.API.csproj", "{A91430B8-A9E6-4624-877B-173AD7353B1F}"
EndProject
Project("{9A19103F-16F7-4668-BE54-9A1E7A4F7556}") = "MST.Domain", "MST.Domain\MST.Domain.csproj", "{D0192108-D668-49C6-A5EA-A48457E8C037}"
EndProject
Project("{9A19103F-16F7-4668-BE54-9A1E7A4F7556}") = "MST.Domain.Core", "MST.Domain.Core\MST.Domain.Core.csproj", "{87C4BEC7-542D-46B4-904E-8173BC174BEC}"
EndProject
Project("{9A19103F-16F7-4668-BE54-9A1E7A4F7556}") = "MST.EventBus.Simple", "MST.EventBus.Simple\MST.EventBus.Simple.csproj", "{AAC7BC07-EF81-4E5D-9CA7-1F2D4BD8E2E1}"
EndProject
Project("{9A19103F-16F7-4668-BE54-9A1E7A4F7556}") = "MST.EventStore.Simple", "MST.EventStore.Simple\MST.EventStore.Simple.csproj", "{9D2F9AAD-4061-4DEE-95A3-879F71303AA9}"
EndProject
Project("{9A19103F-16F7-4668-BE54-9A1E7A4F7556}") = "MST.EventHandlerContext.Simple", "MST.EventHandlerContext.Simple\MST.EventHandlerContext.Simple.csproj", "{05CD0BFC-D538-4932-9309-AA9A80B337FB}"
EndProject
Project("{2150E333-8FDC-42A3-9474-1A3956D46DE8}") = "docs", "docs", "{B8B3E647-E92A-4820-8299-0552CB8C6D3F}"
	ProjectSection(SolutionItems) = preProject
		README.md = README.md
	EndProjectSection
EndProject
Project("{2150E333-8FDC-42A3-9474-1A3956D46DE8}") = "src", "src", "{C2BFF276-CDC2-4497-B1FE-809468ABFF3F}"
EndProject
Project("{9A19103F-16F7-4668-BE54-9A1E7A4F7556}") = "MST.EventBus.RabbitMQ", "MST.EventBus.RabbitMQ\MST.EventBus.RabbitMQ.csproj", "{B8C928CF-FE07-4BB6-AF5B-1909E91367E7}"
EndProject
Project("{FAE04EC0-301F-11D3-BF4B-00C04F79EFBC}") = "MST.Services.Notification", "MST.Services.Notification\MST.Services.Notification.csproj", "{B6C3EC3F-E4BB-4352-8268-A70EFA9DBE5B}"
EndProject
Global
	GlobalSection(SolutionConfigurationPlatforms) = preSolution
		Debug|Any CPU = Debug|Any CPU
		Release|Any CPU = Release|Any CPU
	EndGlobalSection
	GlobalSection(ProjectConfigurationPlatforms) = postSolution
		{A91430B8-A9E6-4624-877B-173AD7353B1F}.Debug|Any CPU.ActiveCfg = Debug|Any CPU
		{A91430B8-A9E6-4624-877B-173AD7353B1F}.Debug|Any CPU.Build.0 = Debug|Any CPU
		{A91430B8-A9E6-4624-877B-173AD7353B1F}.Release|Any CPU.ActiveCfg = Release|Any CPU
		{A91430B8-A9E6-4624-877B-173AD7353B1F}.Release|Any CPU.Build.0 = Release|Any CPU
		{D0192108-D668-49C6-A5EA-A48457E8C037}.Debug|Any CPU.ActiveCfg = Debug|Any CPU
		{D0192108-D668-49C6-A5EA-A48457E8C037}.Debug|Any CPU.Build.0 = Debug|Any CPU
		{D0192108-D668-49C6-A5EA-A48457E8C037}.Release|Any CPU.ActiveCfg = Release|Any CPU
		{D0192108-D668-49C6-A5EA-A48457E8C037}.Release|Any CPU.Build.0 = Release|Any CPU
		{87C4BEC7-542D-46B4-904E-8173BC174BEC}.Debug|Any CPU.ActiveCfg = Debug|Any CPU
		{87C4BEC7-542D-46B4-904E-8173BC174BEC}.Debug|Any CPU.Build.0 = Debug|Any CPU
		{87C4BEC7-542D-46B4-904E-8173BC174BEC}.Release|Any CPU.ActiveCfg = Release|Any CPU
		{87C4BEC7-542D-46B4-904E-8173BC174BEC}.Release|Any CPU.Build.0 = Release|Any CPU
		{AAC7BC07-EF81-4E5D-9CA7-1F2D4BD8E2E1}.Debug|Any CPU.ActiveCfg = Debug|Any CPU
		{AAC7BC07-EF81-4E5D-9CA7-1F2D4BD8E2E1}.Debug|Any CPU.Build.0 = Debug|Any CPU
		{AAC7BC07-EF81-4E5D-9CA7-1F2D4BD8E2E1}.Release|Any CPU.ActiveCfg = Release|Any CPU
		{AAC7BC07-EF81-4E5D-9CA7-1F2D4BD8E2E1}.Release|Any CPU.Build.0 = Release|Any CPU
		{9D2F9AAD-4061-4DEE-95A3-879F71303AA9}.Debug|Any CPU.ActiveCfg = Debug|Any CPU
		{9D2F9AAD-4061-4DEE-95A3-879F71303AA9}.Debug|Any CPU.Build.0 = Debug|Any CPU
		{9D2F9AAD-4061-4DEE-95A3-879F71303AA9}.Release|Any CPU.ActiveCfg = Release|Any CPU
		{9D2F9AAD-4061-4DEE-95A3-879F71303AA9}.Release|Any CPU.Build.0 = Release|Any CPU
		{05CD0BFC-D538-4932-9309-AA9A80B337FB}.Debug|Any CPU.ActiveCfg = Debug|Any CPU
		{05CD0BFC-D538-4932-9309-AA9A80B337FB}.Debug|Any CPU.Build.0 = Debug|Any CPU
		{05CD0BFC-D538-4932-9309-AA9A80B337FB}.Release|Any CPU.ActiveCfg = Release|Any CPU
		{05CD0BFC-D538-4932-9309-AA9A80B337FB}.Release|Any CPU.Build.0 = Release|Any CPU
		{B8C928CF-FE07-4BB6-AF5B-1909E91367E7}.Debug|Any CPU.ActiveCfg = Debug|Any CPU
		{B8C928CF-FE07-4BB6-AF5B-1909E91367E7}.Debug|Any CPU.Build.0 = Debug|Any CPU
		{B8C928CF-FE07-4BB6-AF5B-1909E91367E7}.Release|Any CPU.ActiveCfg = Release|Any CPU
		{B8C928CF-FE07-4BB6-AF5B-1909E91367E7}.Release|Any CPU.Build.0 = Release|Any CPU
		{B6C3EC3F-E4BB-4352-8268-A70EFA9DBE5B}.Debug|Any CPU.ActiveCfg = Debug|Any CPU
		{B6C3EC3F-E4BB-4352-8268-A70EFA9DBE5B}.Debug|Any CPU.Build.0 = Debug|Any CPU
		{B6C3EC3F-E4BB-4352-8268-A70EFA9DBE5B}.Release|Any CPU.ActiveCfg = Release|Any CPU
		{B6C3EC3F-E4BB-4352-8268-A70EFA9DBE5B}.Release|Any CPU.Build.0 = Release|Any CPU
	EndGlobalSection
	GlobalSection(SolutionProperties) = preSolution
		HideSolutionNode = FALSE
	EndGlobalSection
	GlobalSection(NestedProjects) = preSolution
		{A91430B8-A9E6-4624-877B-173AD7353B1F} = {C2BFF276-CDC2-4497-B1FE-809468ABFF3F}
		{D0192108-D668-49C6-A5EA-A48457E8C037} = {C2BFF276-CDC2-4497-B1FE-809468ABFF3F}
		{87C4BEC7-542D-46B4-904E-8173BC174BEC} = {C2BFF276-CDC2-4497-B1FE-809468ABFF3F}
		{AAC7BC07-EF81-4E5D-9CA7-1F2D4BD8E2E1} = {C2BFF276-CDC2-4497-B1FE-809468ABFF3F}
		{9D2F9AAD-4061-4DEE-95A3-879F71303AA9} = {C2BFF276-CDC2-4497-B1FE-809468ABFF3F}
		{05CD0BFC-D538-4932-9309-AA9A80B337FB} = {C2BFF276-CDC2-4497-B1FE-809468ABFF3F}
		{B8C928CF-FE07-4BB6-AF5B-1909E91367E7} = {C2BFF276-CDC2-4497-B1FE-809468ABFF3F}
		{B6C3EC3F-E4BB-4352-8268-A70EFA9DBE5B} = {C2BFF276-CDC2-4497-B1FE-809468ABFF3F}
	EndGlobalSection
	GlobalSection(ExtensibilityGlobals) = postSolution
		SolutionGuid = {092759FB-943A-444D-B6D4-2B2736C1EB9C}
	EndGlobalSection
EndGlobal
